schema_version: 1

pyhyp:
  upstream: https://github.com/mdolab/pyhyp.git
  upstream_version: "2.6.2"
  repository: https://github.com/LeiMingcheng/pyhyp.git
  fork_ref: surrogate-newton-2608.04400
  fork_commit: 04af13e4e59d4a113d7def96b6b5b2dbf6fa9ed9
  bundle_ref: refs/tags/surrogate-newton-2608.04400
  bundle_file: pyhyp-04af13e4e59d.bundle
  functional_commit: c42482bc81fcebf3de27d5499f2d243a51841511
  required_change:
    - reusable fixed-topology surface reset via resetForNewSurface
    - clearing of previous volume coordinates before a new march

adflow:
  upstream: https://github.com/mdolab/adflow.git
  upstream_base_commit: 03da3b9755e88af315062cc0d83de2b07d8df18d
  repository: https://github.com/LeiMingcheng/adflow.git
  fork_ref: surrogate-newton-2608.04400
  fork_commit: 4ad0091910d1d885f1f5ddcf41b96b5950fa16c9
  bundle_ref: refs/tags/surrogate-newton-2608.04400
  bundle_file: adflow-4ad0091910d1.bundle
  numerical_runtime_commit: 93938aa28d2994b47762fafd78b2c0d340a7c694
  build_compatibility_commit: 9d36fa1481df977829b65a5687d5594598669e54
  numerical_runtime_changes:
    - Python exposure of reinitAfterInjection
    - Python exposure of rebuildRestartDerivedStateAfterSetInfo
    - rebuild of dependent variables and halos after injected or restored states
  environment_dependent_build_fixes:
    - local PETSc and MPI symbol imports for stricter Fortran compilers
    - PETSc symbol visibility cleanup
    - explicit bundled METIS header paths

cgns:
  repository: https://github.com/CGNS/CGNS.git
  commit: abc26040091ce13d4321bde816636c6fd5921e0f
  bundle_ref: refs/heads/develop
  bundle_file: cgns-abc26040091c.bundle
  describe: cpex40-381-gabc2604
  build_options:
    CGNS_ENABLE_64BIT: true
    CGNS_ENABLE_HDF5: true
    CGNS_ENABLE_FORTRAN: true
    BUILD_SHARED_LIBS: true

notes:
  - The ADflow debug tree is not part of the public solver stack.
  - Build fixes may need adjustment for another compiler, MPI, PETSc, or METIS installation.
  - CGNS is built from the exact source commit used by the aerolab3 golden run.
